
Microsoft Visual Studio Solution File, Format Version 12.00
# Visual Studio Version 16
VisualStudioVersion = 16.0.36631.11
MinimumVisualStudioVersion = 10.0.40219.1
Project("{FAE04EC0-301F-11D3-BF4B-00C04F79EFBC}") = "BB_Math", "BB_Math.csproj", "{D025AACF-023B-41C7-8929-7332193BDDEA}"
EndProject
Project("{FAE04EC0-301F-11D3-BF4B-00C04F79EFBC}") = "BBMath.Tests", "BBMath.Tests\BBMath.Tests.csproj", "{4A1C96AE-EE08-4DA0-8BEC-311045E84A02}"
EndProject
Global
	GlobalSection(SolutionConfigurationPlatforms) = preSolution
		Debug|Any CPU = Debug|Any CPU
		Release|Any CPU = Release|Any CPU
	EndGlobalSection
	GlobalSection(ProjectConfigurationPlatforms) = postSolution
		{D025AACF-023B-41C7-8929-7332193BDDEA}.Debug|Any CPU.ActiveCfg = Debug|Any CPU
		{D025AACF-023B-41C7-8929-7332193BDDEA}.Debug|Any CPU.Build.0 = Debug|Any CPU
		{D025AACF-023B-41C7-8929-7332193BDDEA}.Release|Any CPU.ActiveCfg = Release|Any CPU
		{D025AACF-023B-41C7-8929-7332193BDDEA}.Release|Any CPU.Build.0 = Release|Any CPU
		{4A1C96AE-EE08-4DA0-8BEC-311045E84A02}.Debug|Any CPU.ActiveCfg = Debug|Any CPU
		{4A1C96AE-EE08-4DA0-8BEC-311045E84A02}.Debug|Any CPU.Build.0 = Debug|Any CPU
		{4A1C96AE-EE08-4DA0-8BEC-311045E84A02}.Release|Any CPU.ActiveCfg = Release|Any CPU
		{4A1C96AE-EE08-4DA0-8BEC-311045E84A02}.Release|Any CPU.Build.0 = Release|Any CPU
	EndGlobalSection
	GlobalSection(SolutionProperties) = preSolution
		HideSolutionNode = FALSE
	EndGlobalSection
	GlobalSection(ExtensibilityGlobals) = postSolution
		SolutionGuid = {DF99B53C-5718-4143-A129-28FC7A7FB9F1}
	EndGlobalSection
EndGlobal
